
Microsoft Visual Studio Solution File, Format Version 12.00
# Visual Studio Version 16
VisualStudioVersion = 16.6.30114.105
MinimumVisualStudioVersion = 10.0.40219.1
Project("{9A19103F-16F7-4668-BE54-9A1E7A4F7556}") = "R5T.T0076", "R5T.T0076\R5T.T0076.csproj", "{5C35A6B1-9D27-489E-A48D-13C1E53B8D1A}"
EndProject
Project("{2150E333-8FDC-42A3-9474-1A3956D46DE8}") = "_Dependencies", "_Dependencies", "{67934147-00FD-4C63-BE2F-3D28758CA31A}"
EndProject
Project("{9A19103F-16F7-4668-BE54-9A1E7A4F7556}") = "R5T.T0072", "..\..\R5T.T0072\source\R5T.T0072\R5T.T0072.csproj", "{0F4D37C0-A0C7-445D-BD2D-852784307E52}"
EndProject
Project("{9A19103F-16F7-4668-BE54-9A1E7A4F7556}") = "R5T.T0073", "..\..\R5T.T0073\source\R5T.T0073\R5T.T0073.csproj", "{A9CE6FF5-533A-4E00-8196-549C74D8EC65}"
EndProject
Project("{9A19103F-16F7-4668-BE54-9A1E7A4F7556}") = "R5T.T0074", "..\..\R5T.T0074\source\R5T.T0074\R5T.T0074.csproj", "{C042C26E-83DD-4CBC-ADDB-77FFF11D3C00}"
EndProject
Global
	GlobalSection(SolutionConfigurationPlatforms) = preSolution
		Debug|Any CPU = Debug|Any CPU
		Debug|x64 = Debug|x64
		Debug|x86 = Debug|x86
		Release|Any CPU = Release|Any CPU
		Release|x64 = Release|x64
		Release|x86 = Release|x86
	EndGlobalSection
	GlobalSection(ProjectConfigurationPlatforms) = postSolution
		{5C35A6B1-9D27-489E-A48D-13C1E53B8D1A}.Debug|Any CPU.ActiveCfg = Debug|Any CPU
		{5C35A6B1-9D27-489E-A48D-13C1E53B8D1A}.Debug|Any CPU.Build.0 = Debug|Any CPU
		{5C35A6B1-9D27-489E-A48D-13C1E53B8D1A}.Debug|x64.ActiveCfg = Debug|Any CPU
		{5C35A6B1-9D27-489E-A48D-13C1E53B8D1A}.Debug|x64.Build.0 = Debug|Any CPU
		{5C35A6B1-9D27-489E-A48D-13C1E53B8D1A}.Debug|x86.ActiveCfg = Debug|Any CPU
		{5C35A6B1-9D27-489E-A48D-13C1E53B8D1A}.Debug|x86.Build.0 = Debug|Any CPU
		{5C35A6B1-9D27-489E-A48D-13C1E53B8D1A}.Release|Any CPU.ActiveCfg = Release|Any CPU
		{5C35A6B1-9D27-489E-A48D-13C1E53B8D1A}.Release|Any CPU.Build.0 = Release|Any CPU
		{5C35A6B1-9D27-489E-A48D-13C1E53B8D1A}.Release|x64.ActiveCfg = Release|Any CPU
		{5C35A6B1-9D27-489E-A48D-13C1E53B8D1A}.Release|x64.Build.0 = Release|Any CPU
		{5C35A6B1-9D27-489E-A48D-13C1E53B8D1A}.Release|x86.ActiveCfg = Release|Any CPU
		{5C35A6B1-9D27-489E-A48D-13C1E53B8D1A}.Release|x86.Build.0 = Release|Any CPU
		{0F4D37C0-A0C7-445D-BD2D-852784307E52}.Debug|Any CPU.ActiveCfg = Debug|Any CPU
		{0F4D37C0-A0C7-445D-BD2D-852784307E52}.Debug|Any CPU.Build.0 = Debug|Any CPU
		{0F4D37C0-A0C7-445D-BD2D-852784307E52}.Debug|x64.ActiveCfg = Debug|Any CPU
		{0F4D37C0-A0C7-445D-BD2D-852784307E52}.Debug|x64.Build.0 = Debug|Any CPU
		{0F4D37C0-A0C7-445D-BD2D-852784307E52}.Debug|x86.ActiveCfg = Debug|Any CPU
		{0F4D37C0-A0C7-445D-BD2D-852784307E52}.Debug|x86.Build.0 = Debug|Any CPU
		{0F4D37C0-A0C7-445D-BD2D-852784307E52}.Release|Any CPU.ActiveCfg = Release|Any CPU
		{0F4D37C0-A0C7-445D-BD2D-852784307E52}.Release|Any CPU.Build.0 = Release|Any CPU
		{0F4D37C0-A0C7-445D-BD2D-852784307E52}.Release|x64.ActiveCfg = Release|Any CPU
		{0F4D37C0-A0C7-445D-BD2D-852784307E52}.Release|x64.Build.0 = Release|Any CPU
		{0F4D37C0-A0C7-445D-BD2D-852784307E52}.Release|x86.ActiveCfg = Release|Any CPU
		{0F4D37C0-A0C7-445D-BD2D-852784307E52}.Release|x86.Build.0 = Release|Any CPU
		{A9CE6FF5-533A-4E00-8196-549C74D8EC65}.Debug|Any CPU.ActiveCfg = Debug|Any CPU
		{A9CE6FF5-533A-4E00-8196-549C74D8EC65}.Debug|Any CPU.Build.0 = Debug|Any CPU
		{A9CE6FF5-533A-4E00-8196-549C74D8EC65}.Debug|x64.ActiveCfg = Debug|Any CPU
		{A9CE6FF5-533A-4E00-8196-549C74D8EC65}.Debug|x64.Build.0 = Debug|Any CPU
		{A9CE6FF5-533A-4E00-8196-549C74D8EC65}.Debug|x86.ActiveCfg = Debug|Any CPU
		{A9CE6FF5-533A-4E00-8196-549C74D8EC65}.Debug|x86.Build.0 = Debug|Any CPU
		{A9CE6FF5-533A-4E00-8196-549C74D8EC65}.Release|Any CPU.ActiveCfg = Release|Any CPU
		{A9CE6FF5-533A-4E00-8196-549C74D8EC65}.Release|Any CPU.Build.0 = Release|Any CPU
		{A9CE6FF5-533A-4E00-8196-549C74D8EC65}.Release|x64.ActiveCfg = Release|Any CPU
		{A9CE6FF5-533A-4E00-8196-549C74D8EC65}.Release|x64.Build.0 = Release|Any CPU
		{A9CE6FF5-533A-4E00-8196-549C74D8EC65}.Release|x86.ActiveCfg = Release|Any CPU
		{A9CE6FF5-533A-4E00-8196-549C74D8EC65}.Release|x86.Build.0 = Release|Any CPU
		{C042C26E-83DD-4CBC-ADDB-77FFF11D3C00}.Debug|Any CPU.ActiveCfg = Debug|Any CPU
		{C042C26E-83DD-4CBC-ADDB-77FFF11D3C00}.Debug|Any CPU.Build.0 = Debug|Any CPU
		{C042C26E-83DD-4CBC-ADDB-77FFF11D3C00}.Debug|x64.ActiveCfg = Debug|Any CPU
		{C042C26E-83DD-4CBC-ADDB-77FFF11D3C00}.Debug|x64.Build.0 = Debug|Any CPU
		{C042C26E-83DD-4CBC-ADDB-77FFF11D3C00}.Debug|x86.ActiveCfg = Debug|Any CPU
		{C042C26E-83DD-4CBC-ADDB-77FFF11D3C00}.Debug|x86.Build.0 = Debug|Any CPU
		{C042C26E-83DD-4CBC-ADDB-77FFF11D3C00}.Release|Any CPU.ActiveCfg = Release|Any CPU
		{C042C26E-83DD-4CBC-ADDB-77FFF11D3C00}.Release|Any CPU.Build.0 = Release|Any CPU
		{C042C26E-83DD-4CBC-ADDB-77FFF11D3C00}.Release|x64.ActiveCfg = Release|Any CPU
		{C042C26E-83DD-4CBC-ADDB-77FFF11D3C00}.Release|x64.Build.0 = Release|Any CPU
		{C042C26E-83DD-4CBC-ADDB-77FFF11D3C00}.Release|x86.ActiveCfg = Release|Any CPU
		{C042C26E-83DD-4CBC-ADDB-77FFF11D3C00}.Release|x86.Build.0 = Release|Any CPU
	EndGlobalSection
	GlobalSection(SolutionProperties) = preSolution
		HideSolutionNode = FALSE
	EndGlobalSection
	GlobalSection(NestedProjects) = preSolution
		{0F4D37C0-A0C7-445D-BD2D-852784307E52} = {67934147-00FD-4C63-BE2F-3D28758CA31A}
		{A9CE6FF5-533A-4E00-8196-549C74D8EC65} = {67934147-00FD-4C63-BE2F-3D28758CA31A}
		{C042C26E-83DD-4CBC-ADDB-77FFF11D3C00} = {67934147-00FD-4C63-BE2F-3D28758CA31A}
	EndGlobalSection
	GlobalSection(ExtensibilityGlobals) = postSolution
		SolutionGuid = {12924B76-77F7-4A73-8563-9B1D0ABC2612}
	EndGlobalSection
EndGlobal
